// !$*UTF8*$!
{
	archiveVersion = 1;
	classes = {
	};
	objectVersion = 56;
	objects = {

/* Begin PBXBuildFile section */
		3108E4C02B982990003115B0 /* Bundle+APIKey.swift in Sources */ = {isa = PBXBuildFile; fileRef = 3108E4BF2B982990003115B0 /* Bundle+APIKey.swift */; };
		310C7B8A2B96DE52002A3BB6 /* AppDelegate.swift in Sources */ = {isa = PBXBuildFile; fileRef = 310C7B892B96DE52002A3BB6 /* AppDelegate.swift */; };
		310C7B8C2B96DE52002A3BB6 /* SceneDelegate.swift in Sources */ = {isa = PBXBuildFile; fileRef = 310C7B8B2B96DE52002A3BB6 /* SceneDelegate.swift */; };
		310C7B8E2B96DE52002A3BB6 /* MapViewController.swift in Sources */ = {isa = PBXBuildFile; fileRef = 310C7B8D2B96DE52002A3BB6 /* MapViewController.swift */; };
		310C7B932B96DE53002A3BB6 /* Assets.xcassets in Resources */ = {isa = PBXBuildFile; fileRef = 310C7B922B96DE53002A3BB6 /* Assets.xcassets */; };
		310C7B962B96DE53002A3BB6 /* LaunchScreen.storyboard in Resources */ = {isa = PBXBuildFile; fileRef = 310C7B942B96DE53002A3BB6 /* LaunchScreen.storyboard */; };
		311AB6812BA55755004057FA /* TabBarController.swift in Sources */ = {isa = PBXBuildFile; fileRef = 311AB6802BA55755004057FA /* TabBarController.swift */; };
		3125B39E2BA03C410064E8DD /* Alertable.swift in Sources */ = {isa = PBXBuildFile; fileRef = 3125B39D2BA03C410064E8DD /* Alertable.swift */; };
		3139994D2BAEE92100EBDA37 /* UserAuthController.swift in Sources */ = {isa = PBXBuildFile; fileRef = 3139994C2BAEE92100EBDA37 /* UserAuthController.swift */; };
		3139994F2BAEEAB100EBDA37 /* AuthError.swift in Sources */ = {isa = PBXBuildFile; fileRef = 3139994E2BAEEAB100EBDA37 /* AuthError.swift */; };
		3139CF6D2BAC049900359273 /* GoogleService-Info.plist in Resources */ = {isa = PBXBuildFile; fileRef = 3139CF6C2BAC049900359273 /* GoogleService-Info.plist */; };
		3139CF702BAC053B00359273 /* SignViewController.swift in Sources */ = {isa = PBXBuildFile; fileRef = 3139CF6F2BAC053B00359273 /* SignViewController.swift */; };
		3139CF732BAC095500359273 /* FirebaseAnalytics in Frameworks */ = {isa = PBXBuildFile; productRef = 3139CF722BAC095500359273 /* FirebaseAnalytics */; };
		3139CF752BAC095500359273 /* FirebaseAuth in Frameworks */ = {isa = PBXBuildFile; productRef = 3139CF742BAC095500359273 /* FirebaseAuth */; };
		3139CF772BAC095500359273 /* FirebaseCrashlytics in Frameworks */ = {isa = PBXBuildFile; productRef = 3139CF762BAC095500359273 /* FirebaseCrashlytics */; };
		3139CF792BAC095500359273 /* FirebaseFirestore in Frameworks */ = {isa = PBXBuildFile; productRef = 3139CF782BAC095500359273 /* FirebaseFirestore */; };
		313CFB3E2B9827490032ECE3 /* NaverMaps.plist in Resources */ = {isa = PBXBuildFile; fileRef = 313CFB3D2B9827490032ECE3 /* NaverMaps.plist */; };
		314B8D882BAD40AA00E0A56C /* UILabel+Mutable.swift in Sources */ = {isa = PBXBuildFile; fileRef = 314B8D872BAD40AA00E0A56C /* UILabel+Mutable.swift */; };
		3155BC2F2B9848AB003D4140 /* SubwayInformationDTO.swift in Sources */ = {isa = PBXBuildFile; fileRef = 3155BC2E2B9848AB003D4140 /* SubwayInformationDTO.swift */; };
		31569A302B9B1B3C000DF03B /* MarkerDataRepository.swift in Sources */ = {isa = PBXBuildFile; fileRef = 31569A2F2B9B1B3C000DF03B /* MarkerDataRepository.swift */; };
		31569A322B9B1C3D000DF03B /* MapState.swift in Sources */ = {isa = PBXBuildFile; fileRef = 31569A312B9B1C3D000DF03B /* MapState.swift */; };
		31569A352B9B1CEF000DF03B /* MapIntent.swift in Sources */ = {isa = PBXBuildFile; fileRef = 31569A342B9B1CEF000DF03B /* MapIntent.swift */; };
		31569A372B9B1D00000DF03B /* View.swift in Sources */ = {isa = PBXBuildFile; fileRef = 31569A362B9B1D00000DF03B /* View.swift */; };
		315A68542B9AF71E00268DF4 /* RxCocoa in Frameworks */ = {isa = PBXBuildFile; productRef = 315A68532B9AF71E00268DF4 /* RxCocoa */; };
		315A68582B9AF71E00268DF4 /* RxRelay in Frameworks */ = {isa = PBXBuildFile; productRef = 315A68572B9AF71E00268DF4 /* RxRelay */; };
		315A685C2B9AF71E00268DF4 /* RxSwift in Frameworks */ = {isa = PBXBuildFile; productRef = 315A685B2B9AF71E00268DF4 /* RxSwift */; };
		315A79382BAD67260061A1B9 /* UIButton+Configuration.swift in Sources */ = {isa = PBXBuildFile; fileRef = 315A79372BAD67260061A1B9 /* UIButton+Configuration.swift */; };
		3172261F2B9C11700035704A /* State.swift in Sources */ = {isa = PBXBuildFile; fileRef = 3172261E2B9C116F0035704A /* State.swift */; };
		3173BFE52B9E048A005CFC5F /* LocationManager.swift in Sources */ = {isa = PBXBuildFile; fileRef = 3173BFE42B9E048A005CFC5F /* LocationManager.swift */; };
		3183A2752BB06DC700DD8546 /* KakaoSDKAuth in Frameworks */ = {isa = PBXBuildFile; productRef = 3183A2742BB06DC700DD8546 /* KakaoSDKAuth */; };
		3183A2772BB06DC700DD8546 /* KakaoSDKUser in Frameworks */ = {isa = PBXBuildFile; productRef = 3183A2762BB06DC700DD8546 /* KakaoSDKUser */; };
		318657F22BA43873001F5277 /* TabBarItem.swift in Sources */ = {isa = PBXBuildFile; fileRef = 318657F12BA43873001F5277 /* TabBarItem.swift */; };
		318657F42BA43C67001F5277 /* TabBarItemView.swift in Sources */ = {isa = PBXBuildFile; fileRef = 318657F32BA43C67001F5277 /* TabBarItemView.swift */; };
		318657F72BA459E5001F5277 /* SnapKit in Frameworks */ = {isa = PBXBuildFile; productRef = 318657F62BA459E5001F5277 /* SnapKit */; };
		318657F92BA46DC9001F5277 /* TabBarStackView.swift in Sources */ = {isa = PBXBuildFile; fileRef = 318657F82BA46DC9001F5277 /* TabBarStackView.swift */; };
		318C840B2B96F15100D88219 /* .swiftlint.yml in Resources */ = {isa = PBXBuildFile; fileRef = 318C840A2B96F15100D88219 /* .swiftlint.yml */; };
		31A075A02B9B03DF0060211B /* DefaultMarkerDataRepository.swift in Sources */ = {isa = PBXBuildFile; fileRef = 31A0759F2B9B03DF0060211B /* DefaultMarkerDataRepository.swift */; };
		31A075A32B9B0E710060211B /* JSONDataError.swift in Sources */ = {isa = PBXBuildFile; fileRef = 31A075A22B9B0E710060211B /* JSONDataError.swift */; };
		31A075A52B9B10CC0060211B /* SubwayInformation.swift in Sources */ = {isa = PBXBuildFile; fileRef = 31A075A42B9B10CC0060211B /* SubwayInformation.swift */; };
		31A075AA2B9B131A0060211B /* AddMarkerUseCase.swift in Sources */ = {isa = PBXBuildFile; fileRef = 31A075A92B9B131A0060211B /* AddMarkerUseCase.swift */; };
		31A102562B9DDF580051121A /* Constant.swift in Sources */ = {isa = PBXBuildFile; fileRef = 31A102552B9DDF580051121A /* Constant.swift */; };
		31A4B0742B9D7CE900CDEA26 /* Observable+Previous.swift in Sources */ = {isa = PBXBuildFile; fileRef = 31A4B0732B9D7CE900CDEA26 /* Observable+Previous.swift */; };
		31A4B0782B9D7D8200CDEA26 /* StateRelay.swift in Sources */ = {isa = PBXBuildFile; fileRef = 31A4B0772B9D7D8200CDEA26 /* StateRelay.swift */; };
		31D2A0782BB5299F00CDA125 /* SignUpViewController.swift in Sources */ = {isa = PBXBuildFile; fileRef = 31D2A0772BB5299F00CDA125 /* SignUpViewController.swift */; };
		31D2A07A2BB529C400CDA125 /* SignUpIntent.swift in Sources */ = {isa = PBXBuildFile; fileRef = 31D2A0792BB529C400CDA125 /* SignUpIntent.swift */; };
		31D2A07D2BB535DE00CDA125 /* AgreementViewController.swift in Sources */ = {isa = PBXBuildFile; fileRef = 31D2A07C2BB535DE00CDA125 /* AgreementViewController.swift */; };
		31D2A07F2BB5367600CDA125 /* SetNicknameViewController.swift in Sources */ = {isa = PBXBuildFile; fileRef = 31D2A07E2BB5367600CDA125 /* SetNicknameViewController.swift */; };
		31D2A0812BB5372800CDA125 /* SignUpStep.swift in Sources */ = {isa = PBXBuildFile; fileRef = 31D2A0802BB5372800CDA125 /* SignUpStep.swift */; };
		31D2A0832BB53B3200CDA125 /* UseExplainViewController.swift in Sources */ = {isa = PBXBuildFile; fileRef = 31D2A0822BB53B3200CDA125 /* UseExplainViewController.swift */; };
		31D2A0852BB53D8800CDA125 /* StepView.swift in Sources */ = {isa = PBXBuildFile; fileRef = 31D2A0842BB53D8800CDA125 /* StepView.swift */; };
		31D42E472BB31E9D00084F7D /* SignIntent.swift in Sources */ = {isa = PBXBuildFile; fileRef = 31D42E462BB31E9D00084F7D /* SignIntent.swift */; };
		31D42E492BB31F4F00084F7D /* SignState.swift in Sources */ = {isa = PBXBuildFile; fileRef = 31D42E482BB31F4F00084F7D /* SignState.swift */; };
		31DB177A2BA958D400573897 /* Pretendard-Bold.otf in Resources */ = {isa = PBXBuildFile; fileRef = 31DB17792BA958D400573897 /* Pretendard-Bold.otf */; };
		31DB177E2BA9592D00573897 /* Pretendard-Medium.otf in Resources */ = {isa = PBXBuildFile; fileRef = 31DB177B2BA9592D00573897 /* Pretendard-Medium.otf */; };
		31DB177F2BA9592D00573897 /* Pretendard-Regular.otf in Resources */ = {isa = PBXBuildFile; fileRef = 31DB177C2BA9592D00573897 /* Pretendard-Regular.otf */; };
		31DB17802BA9592D00573897 /* Pretendard-SemiBold.otf in Resources */ = {isa = PBXBuildFile; fileRef = 31DB177D2BA9592D00573897 /* Pretendard-SemiBold.otf */; };
		31DB17822BA9593500573897 /* Pretendard-Light.otf in Resources */ = {isa = PBXBuildFile; fileRef = 31DB17812BA9593500573897 /* Pretendard-Light.otf */; };
		31E949942BB3CD760031F9AF /* SignUseCase.swift in Sources */ = {isa = PBXBuildFile; fileRef = 31E949932BB3CD760031F9AF /* SignUseCase.swift */; };
		31E949962BB3DB9B0031F9AF /* AuthProvider.swift in Sources */ = {isa = PBXBuildFile; fileRef = 31E949952BB3DB9B0031F9AF /* AuthProvider.swift */; };
		31F92C312BAD6DC100C905B8 /* UIFont+Pretendard.swift in Sources */ = {isa = PBXBuildFile; fileRef = 31F92C302BAD6DC100C905B8 /* UIFont+Pretendard.swift */; };
		8539C3733FD3F320422145DF /* libPods-SubwayTalking.a in Frameworks */ = {isa = PBXBuildFile; fileRef = B045C9370B77B11E4F0847BD /* libPods-SubwayTalking.a */; };
/* End PBXBuildFile section */

/* Begin PBXFileReference section */
		12A2041202D54450D6AA1C53 /* Pods-SubwayTalking.debug.xcconfig */ = {isa = PBXFileReference; includeInIndex = 1; lastKnownFileType = text.xcconfig; name = "Pods-SubwayTalking.debug.xcconfig"; path = "Target Support Files/Pods-SubwayTalking/Pods-SubwayTalking.debug.xcconfig"; sourceTree = "<group>"; };
		1BE4C4BEC3BEC81A254214ED /* Pods-SubwayTalking.release.xcconfig */ = {isa = PBXFileReference; includeInIndex = 1; lastKnownFileType = text.xcconfig; name = "Pods-SubwayTalking.release.xcconfig"; path = "Target Support Files/Pods-SubwayTalking/Pods-SubwayTalking.release.xcconfig"; sourceTree = "<group>"; };
		3108E4BF2B982990003115B0 /* Bundle+APIKey.swift */ = {isa = PBXFileReference; lastKnownFileType = sourcecode.swift; path = "Bundle+APIKey.swift"; sourceTree = "<group>"; };
		310C7B862B96DE52002A3BB6 /* SubwayTalking.app */ = {isa = PBXFileReference; explicitFileType = wrapper.application; includeInIndex = 0; path = SubwayTalking.app; sourceTree = BUILT_PRODUCTS_DIR; };
		310C7B892B96DE52002A3BB6 /* AppDelegate.swift */ = {isa = PBXFileReference; lastKnownFileType = sourcecode.swift; path = AppDelegate.swift; sourceTree = "<group>"; };
		310C7B8B2B96DE52002A3BB6 /* SceneDelegate.swift */ = {isa = PBXFileReference; lastKnownFileType = sourcecode.swift; path = SceneDelegate.swift; sourceTree = "<group>"; };
		310C7B8D2B96DE52002A3BB6 /* MapViewController.swift */ = {isa = PBXFileReference; lastKnownFileType = sourcecode.swift; path = MapViewController.swift; sourceTree = "<group>"; };
		310C7B922B96DE53002A3BB6 /* Assets.xcassets */ = {isa = PBXFileReference; lastKnownFileType = folder.assetcatalog; path = Assets.xcassets; sourceTree = "<group>"; };
		310C7B952B96DE53002A3BB6 /* Base */ = {isa = PBXFileReference; lastKnownFileType = file.storyboard; name = Base; path = Base.lproj/LaunchScreen.storyboard; sourceTree = "<group>"; };
		310C7B972B96DE53002A3BB6 /* Info.plist */ = {isa = PBXFileReference; lastKnownFileType = text.plist.xml; path = Info.plist; sourceTree = "<group>"; };
		311AB6802BA55755004057FA /* TabBarController.swift */ = {isa = PBXFileReference; lastKnownFileType = sourcecode.swift; path = TabBarController.swift; sourceTree = "<group>"; };
		3125B39D2BA03C410064E8DD /* Alertable.swift */ = {isa = PBXFileReference; lastKnownFileType = sourcecode.swift; path = Alertable.swift; sourceTree = "<group>"; };
		3139994C2BAEE92100EBDA37 /* UserAuthController.swift */ = {isa = PBXFileReference; lastKnownFileType = sourcecode.swift; path = UserAuthController.swift; sourceTree = "<group>"; };
		3139994E2BAEEAB100EBDA37 /* AuthError.swift */ = {isa = PBXFileReference; lastKnownFileType = sourcecode.swift; path = AuthError.swift; sourceTree = "<group>"; };
		3139CF6C2BAC049900359273 /* GoogleService-Info.plist */ = {isa = PBXFileReference; fileEncoding = 4; lastKnownFileType = text.plist.xml; path = "GoogleService-Info.plist"; sourceTree = "<group>"; };
		3139CF6F2BAC053B00359273 /* SignViewController.swift */ = {isa = PBXFileReference; lastKnownFileType = sourcecode.swift; path = SignViewController.swift; sourceTree = "<group>"; };
		3139CF7A2BAC15FE00359273 /* SubwayTalking.entitlements */ = {isa = PBXFileReference; lastKnownFileType = text.plist.entitlements; path = SubwayTalking.entitlements; sourceTree = "<group>"; };
		313CFB3D2B9827490032ECE3 /* NaverMaps.plist */ = {isa = PBXFileReference; lastKnownFileType = text.plist.xml; path = NaverMaps.plist; sourceTree = "<group>"; };
		314B8D872BAD40AA00E0A56C /* UILabel+Mutable.swift */ = {isa = PBXFileReference; lastKnownFileType = sourcecode.swift; path = "UILabel+Mutable.swift"; sourceTree = "<group>"; };
		3155BC2E2B9848AB003D4140 /* SubwayInformationDTO.swift */ = {isa = PBXFileReference; lastKnownFileType = sourcecode.swift; path = SubwayInformationDTO.swift; sourceTree = "<group>"; };
		31569A2F2B9B1B3C000DF03B /* MarkerDataRepository.swift */ = {isa = PBXFileReference; lastKnownFileType = sourcecode.swift; path = MarkerDataRepository.swift; sourceTree = "<group>"; };
		31569A312B9B1C3D000DF03B /* MapState.swift */ = {isa = PBXFileReference; lastKnownFileType = sourcecode.swift; path = MapState.swift; sourceTree = "<group>"; };
		31569A342B9B1CEF000DF03B /* MapIntent.swift */ = {isa = PBXFileReference; lastKnownFileType = sourcecode.swift; path = MapIntent.swift; sourceTree = "<group>"; };
		31569A362B9B1D00000DF03B /* View.swift */ = {isa = PBXFileReference; lastKnownFileType = sourcecode.swift; path = View.swift; sourceTree = "<group>"; };
		315A79372BAD67260061A1B9 /* UIButton+Configuration.swift */ = {isa = PBXFileReference; lastKnownFileType = sourcecode.swift; path = "UIButton+Configuration.swift"; sourceTree = "<group>"; };
		3172261E2B9C116F0035704A /* State.swift */ = {isa = PBXFileReference; lastKnownFileType = sourcecode.swift; path = State.swift; sourceTree = "<group>"; };
		3173BFE42B9E048A005CFC5F /* LocationManager.swift */ = {isa = PBXFileReference; lastKnownFileType = sourcecode.swift; path = LocationManager.swift; sourceTree = "<group>"; };
		3183A2782BB0721800DD8546 /* Kakao-Info.xcconfig */ = {isa = PBXFileReference; lastKnownFileType = text.xcconfig; path = "Kakao-Info.xcconfig"; sourceTree = "<group>"; };
		318657F12BA43873001F5277 /* TabBarItem.swift */ = {isa = PBXFileReference; lastKnownFileType = sourcecode.swift; path = TabBarItem.swift; sourceTree = "<group>"; };
		318657F32BA43C67001F5277 /* TabBarItemView.swift */ = {isa = PBXFileReference; lastKnownFileType = sourcecode.swift; path = TabBarItemView.swift; sourceTree = "<group>"; };
		318657F82BA46DC9001F5277 /* TabBarStackView.swift */ = {isa = PBXFileReference; lastKnownFileType = sourcecode.swift; path = TabBarStackView.swift; sourceTree = "<group>"; };
		318C840A2B96F15100D88219 /* .swiftlint.yml */ = {isa = PBXFileReference; lastKnownFileType = text.yaml; path = .swiftlint.yml; sourceTree = "<group>"; };
		31A0759F2B9B03DF0060211B /* DefaultMarkerDataRepository.swift */ = {isa = PBXFileReference; lastKnownFileType = sourcecode.swift; path = DefaultMarkerDataRepository.swift; sourceTree = "<group>"; };
		31A075A22B9B0E710060211B /* JSONDataError.swift */ = {isa = PBXFileReference; lastKnownFileType = sourcecode.swift; path = JSONDataError.swift; sourceTree = "<group>"; };
		31A075A42B9B10CC0060211B /* SubwayInformation.swift */ = {isa = PBXFileReference; lastKnownFileType = sourcecode.swift; path = SubwayInformation.swift; sourceTree = "<group>"; };
		31A075A92B9B131A0060211B /* AddMarkerUseCase.swift */ = {isa = PBXFileReference; lastKnownFileType = sourcecode.swift; path = AddMarkerUseCase.swift; sourceTree = "<group>"; };
		31A102552B9DDF580051121A /* Constant.swift */ = {isa = PBXFileReference; lastKnownFileType = sourcecode.swift; path = Constant.swift; sourceTree = "<group>"; };
		31A4B0732B9D7CE900CDEA26 /* Observable+Previous.swift */ = {isa = PBXFileReference; lastKnownFileType = sourcecode.swift; path = "Observable+Previous.swift"; sourceTree = "<group>"; };
		31A4B0772B9D7D8200CDEA26 /* StateRelay.swift */ = {isa = PBXFileReference; lastKnownFileType = sourcecode.swift; path = StateRelay.swift; sourceTree = "<group>"; };
		31D2A0772BB5299F00CDA125 /* SignUpViewController.swift */ = {isa = PBXFileReference; lastKnownFileType = sourcecode.swift; path = SignUpViewController.swift; sourceTree = "<group>"; };
		31D2A0792BB529C400CDA125 /* SignUpIntent.swift */ = {isa = PBXFileReference; lastKnownFileType = sourcecode.swift; path = SignUpIntent.swift; sourceTree = "<group>"; };
		31D2A07C2BB535DE00CDA125 /* AgreementViewController.swift */ = {isa = PBXFileReference; lastKnownFileType = sourcecode.swift; path = AgreementViewController.swift; sourceTree = "<group>"; };
		31D2A07E2BB5367600CDA125 /* SetNicknameViewController.swift */ = {isa = PBXFileReference; lastKnownFileType = sourcecode.swift; path = SetNicknameViewController.swift; sourceTree = "<group>"; };
		31D2A0802BB5372800CDA125 /* SignUpStep.swift */ = {isa = PBXFileReference; lastKnownFileType = sourcecode.swift; path = SignUpStep.swift; sourceTree = "<group>"; };
		31D2A0822BB53B3200CDA125 /* UseExplainViewController.swift */ = {isa = PBXFileReference; lastKnownFileType = sourcecode.swift; path = UseExplainViewController.swift; sourceTree = "<group>"; };
		31D2A0842BB53D8800CDA125 /* StepView.swift */ = {isa = PBXFileReference; lastKnownFileType = sourcecode.swift; path = StepView.swift; sourceTree = "<group>"; };
		31D42E462BB31E9D00084F7D /* SignIntent.swift */ = {isa = PBXFileReference; lastKnownFileType = sourcecode.swift; path = SignIntent.swift; sourceTree = "<group>"; };
		31D42E482BB31F4F00084F7D /* SignState.swift */ = {isa = PBXFileReference; lastKnownFileType = sourcecode.swift; path = SignState.swift; sourceTree = "<group>"; };
		31DB17792BA958D400573897 /* Pretendard-Bold.otf */ = {isa = PBXFileReference; lastKnownFileType = file; path = "Pretendard-Bold.otf"; sourceTree = "<group>"; };
		31DB177B2BA9592D00573897 /* Pretendard-Medium.otf */ = {isa = PBXFileReference; lastKnownFileType = file; path = "Pretendard-Medium.otf"; sourceTree = "<group>"; };
		31DB177C2BA9592D00573897 /* Pretendard-Regular.otf */ = {isa = PBXFileReference; lastKnownFileType = file; path = "Pretendard-Regular.otf"; sourceTree = "<group>"; };
		31DB177D2BA9592D00573897 /* Pretendard-SemiBold.otf */ = {isa = PBXFileReference; lastKnownFileType = file; path = "Pretendard-SemiBold.otf"; sourceTree = "<group>"; };
		31DB17812BA9593500573897 /* Pretendard-Light.otf */ = {isa = PBXFileReference; lastKnownFileType = file; path = "Pretendard-Light.otf"; sourceTree = "<group>"; };
		31E949932BB3CD760031F9AF /* SignUseCase.swift */ = {isa = PBXFileReference; lastKnownFileType = sourcecode.swift; path = SignUseCase.swift; sourceTree = "<group>"; };
		31E949952BB3DB9B0031F9AF /* AuthProvider.swift */ = {isa = PBXFileReference; lastKnownFileType = sourcecode.swift; path = AuthProvider.swift; sourceTree = "<group>"; };
		31F92C302BAD6DC100C905B8 /* UIFont+Pretendard.swift */ = {isa = PBXFileReference; lastKnownFileType = sourcecode.swift; path = "UIFont+Pretendard.swift"; sourceTree = "<group>"; };
		B045C9370B77B11E4F0847BD /* libPods-SubwayTalking.a */ = {isa = PBXFileReference; explicitFileType = archive.ar; includeInIndex = 0; path = "libPods-SubwayTalking.a"; sourceTree = BUILT_PRODUCTS_DIR; };
/* End PBXFileReference section */

/* Begin PBXFrameworksBuildPhase section */
		310C7B832B96DE52002A3BB6 /* Frameworks */ = {
			isa = PBXFrameworksBuildPhase;
			buildActionMask = 2147483647;
			files = (
				315A68582B9AF71E00268DF4 /* RxRelay in Frameworks */,
				3183A2772BB06DC700DD8546 /* KakaoSDKUser in Frameworks */,
				315A68542B9AF71E00268DF4 /* RxCocoa in Frameworks */,
				3139CF732BAC095500359273 /* FirebaseAnalytics in Frameworks */,
				315A685C2B9AF71E00268DF4 /* RxSwift in Frameworks */,
				8539C3733FD3F320422145DF /* libPods-SubwayTalking.a in Frameworks */,
				3139CF792BAC095500359273 /* FirebaseFirestore in Frameworks */,
				3139CF772BAC095500359273 /* FirebaseCrashlytics in Frameworks */,
				3139CF752BAC095500359273 /* FirebaseAuth in Frameworks */,
				318657F72BA459E5001F5277 /* SnapKit in Frameworks */,
				3183A2752BB06DC700DD8546 /* KakaoSDKAuth in Frameworks */,
			);
			runOnlyForDeploymentPostprocessing = 0;
		};
/* End PBXFrameworksBuildPhase section */

/* Begin PBXGroup section */
		19CE3747B88BC5EB4AE03F83 /* Frameworks */ = {
			isa = PBXGroup;
			children = (
				B045C9370B77B11E4F0847BD /* libPods-SubwayTalking.a */,
			);
			name = Frameworks;
			sourceTree = "<group>";
		};
		3108E4BA2B982818003115B0 /* Presentation */ = {
			isa = PBXGroup;
			children = (
				31A4B0762B9D7D6A00CDEA26 /* CustomState */,
				31A4B0752B9D7D5A00CDEA26 /* Protocol */,
				3139CF6E2BAC04B900359273 /* SignScene */,
				3108E4BB2B982872003115B0 /* MainScene */,
			);
			path = Presentation;
			sourceTree = "<group>";
		};
		3108E4BB2B982872003115B0 /* MainScene */ = {
			isa = PBXGroup;
			children = (
				3173BFE42B9E048A005CFC5F /* LocationManager.swift */,
				3108E4BC2B982887003115B0 /* View */,
				31569A332B9B1CE3000DF03B /* Intent */,
			);
			path = MainScene;
			sourceTree = "<group>";
		};
		3108E4BC2B982887003115B0 /* View */ = {
			isa = PBXGroup;
			children = (
				310C7B8D2B96DE52002A3BB6 /* MapViewController.swift */,
			);
			path = View;
			sourceTree = "<group>";
		};
		3108E4BD2B98291E003115B0 /* Util */ = {
			isa = PBXGroup;
			children = (
				318657F02BA43863001F5277 /* CustomTabBar */,
				31A102542B9DDF450051121A /* Constant */,
				3108E4BE2B982938003115B0 /* Extensions */,
			);
			path = Util;
			sourceTree = "<group>";
		};
		3108E4BE2B982938003115B0 /* Extensions */ = {
			isa = PBXGroup;
			children = (
				3108E4BF2B982990003115B0 /* Bundle+APIKey.swift */,
				31A4B0732B9D7CE900CDEA26 /* Observable+Previous.swift */,
				314B8D872BAD40AA00E0A56C /* UILabel+Mutable.swift */,
				315A79372BAD67260061A1B9 /* UIButton+Configuration.swift */,
				31F92C302BAD6DC100C905B8 /* UIFont+Pretendard.swift */,
			);
			path = Extensions;
			sourceTree = "<group>";
		};
		310C7B7D2B96DE52002A3BB6 = {
			isa = PBXGroup;
			children = (
				318C840A2B96F15100D88219 /* .swiftlint.yml */,
				310C7B882B96DE52002A3BB6 /* SubwayTalking */,
				310C7B872B96DE52002A3BB6 /* Products */,
				FD29053EA72FC72E53DBAD4F /* Pods */,
				19CE3747B88BC5EB4AE03F83 /* Frameworks */,
			);
			sourceTree = "<group>";
		};
		310C7B872B96DE52002A3BB6 /* Products */ = {
			isa = PBXGroup;
			children = (
				310C7B862B96DE52002A3BB6 /* SubwayTalking.app */,
			);
			name = Products;
			sourceTree = "<group>";
		};
		310C7B882B96DE52002A3BB6 /* SubwayTalking */ = {
			isa = PBXGroup;
			children = (
				3139CF7A2BAC15FE00359273 /* SubwayTalking.entitlements */,
				310C7B9F2B96E3ED002A3BB6 /* Resource */,
				310C7B9D2B96E3C2002A3BB6 /* Source */,
			);
			path = SubwayTalking;
			sourceTree = "<group>";
		};
		310C7B9D2B96E3C2002A3BB6 /* Source */ = {
			isa = PBXGroup;
			children = (
				310C7B9E2B96E3CA002A3BB6 /* Application */,
				3108E4BD2B98291E003115B0 /* Util */,
				3108E4BA2B982818003115B0 /* Presentation */,
				31A075A62B9B11C90060211B /* Domain */,
				3155BC2C2B98480E003D4140 /* Data */,
			);
			path = Source;
			sourceTree = "<group>";
		};
		310C7B9E2B96E3CA002A3BB6 /* Application */ = {
			isa = PBXGroup;
			children = (
				310C7B892B96DE52002A3BB6 /* AppDelegate.swift */,
				310C7B8B2B96DE52002A3BB6 /* SceneDelegate.swift */,
			);
			path = Application;
			sourceTree = "<group>";
		};
		310C7B9F2B96E3ED002A3BB6 /* Resource */ = {
			isa = PBXGroup;
			children = (
				318F86772BA2DE8D00A6BD3A /* Font */,
				310C7B922B96DE53002A3BB6 /* Assets.xcassets */,
				310C7B942B96DE53002A3BB6 /* LaunchScreen.storyboard */,
				310C7B972B96DE53002A3BB6 /* Info.plist */,
				313CFB3D2B9827490032ECE3 /* NaverMaps.plist */,
				3139CF6C2BAC049900359273 /* GoogleService-Info.plist */,
				3183A2782BB0721800DD8546 /* Kakao-Info.xcconfig */,
			);
			path = Resource;
			sourceTree = "<group>";
		};
		3139994B2BAEE91200EBDA37 /* InfraStructure */ = {
			isa = PBXGroup;
			children = (
				3139994C2BAEE92100EBDA37 /* UserAuthController.swift */,
			);
			path = InfraStructure;
			sourceTree = "<group>";
		};
		3139CF6E2BAC04B900359273 /* SignScene */ = {
			isa = PBXGroup;
			children = (
				31D2A0742BB5297400CDA125 /* SignUpScene */,
				31D2A0732BB5296800CDA125 /* SignInScene */,
			);
			path = SignScene;
			sourceTree = "<group>";
		};
		3155BC2C2B98480E003D4140 /* Data */ = {
			isa = PBXGroup;
			children = (
				3139994B2BAEE91200EBDA37 /* InfraStructure */,
				31A075A12B9B0E630060211B /* Error */,
				31A0759E2B9B036F0060211B /* Repository */,
				3155BC2D2B984892003D4140 /* DataMapping */,
			);
			path = Data;
			sourceTree = "<group>";
		};
		3155BC2D2B984892003D4140 /* DataMapping */ = {
			isa = PBXGroup;
			children = (
				3155BC302B9848D0003D4140 /* SubwayInformation */,
			);
			path = DataMapping;
			sourceTree = "<group>";
		};
		3155BC302B9848D0003D4140 /* SubwayInformation */ = {
			isa = PBXGroup;
			children = (
				3155BC2E2B9848AB003D4140 /* SubwayInformationDTO.swift */,
			);
			path = SubwayInformation;
			sourceTree = "<group>";
		};
		31569A2E2B9B1B15000DF03B /* RepositoryInterface */ = {
			isa = PBXGroup;
			children = (
				31569A2F2B9B1B3C000DF03B /* MarkerDataRepository.swift */,
			);
			path = RepositoryInterface;
			sourceTree = "<group>";
		};
		31569A332B9B1CE3000DF03B /* Intent */ = {
			isa = PBXGroup;
			children = (
				31569A312B9B1C3D000DF03B /* MapState.swift */,
				31569A342B9B1CEF000DF03B /* MapIntent.swift */,
			);
			path = Intent;
			sourceTree = "<group>";
		};
		318657F02BA43863001F5277 /* CustomTabBar */ = {
			isa = PBXGroup;
			children = (
				318657F12BA43873001F5277 /* TabBarItem.swift */,
				318657F32BA43C67001F5277 /* TabBarItemView.swift */,
				318657F82BA46DC9001F5277 /* TabBarStackView.swift */,
				311AB6802BA55755004057FA /* TabBarController.swift */,
			);
			path = CustomTabBar;
			sourceTree = "<group>";
		};
		318F86772BA2DE8D00A6BD3A /* Font */ = {
			isa = PBXGroup;
			children = (
				31DB17792BA958D400573897 /* Pretendard-Bold.otf */,
				31DB177B2BA9592D00573897 /* Pretendard-Medium.otf */,
				31DB177C2BA9592D00573897 /* Pretendard-Regular.otf */,
				31DB177D2BA9592D00573897 /* Pretendard-SemiBold.otf */,
				31DB17812BA9593500573897 /* Pretendard-Light.otf */,
			);
			path = Font;
			sourceTree = "<group>";
		};
		31A0759E2B9B036F0060211B /* Repository */ = {
			isa = PBXGroup;
			children = (
				31A0759F2B9B03DF0060211B /* DefaultMarkerDataRepository.swift */,
			);
			path = Repository;
			sourceTree = "<group>";
		};
		31A075A12B9B0E630060211B /* Error */ = {
			isa = PBXGroup;
			children = (
				31A075A22B9B0E710060211B /* JSONDataError.swift */,
				3139994E2BAEEAB100EBDA37 /* AuthError.swift */,
			);
			path = Error;
			sourceTree = "<group>";
		};
		31A075A62B9B11C90060211B /* Domain */ = {
			isa = PBXGroup;
			children = (
				31A075A72B9B12010060211B /* Entity */,
				31A075A82B9B124D0060211B /* UseCase */,
				31569A2E2B9B1B15000DF03B /* RepositoryInterface */,
			);
			path = Domain;
			sourceTree = "<group>";
		};
		31A075A72B9B12010060211B /* Entity */ = {
			isa = PBXGroup;
			children = (
				31A075A42B9B10CC0060211B /* SubwayInformation.swift */,
				31E949952BB3DB9B0031F9AF /* AuthProvider.swift */,
			);
			path = Entity;
			sourceTree = "<group>";
		};
		31A075A82B9B124D0060211B /* UseCase */ = {
			isa = PBXGroup;
			children = (
				31A075A92B9B131A0060211B /* AddMarkerUseCase.swift */,
				31E949932BB3CD760031F9AF /* SignUseCase.swift */,
			);
			path = UseCase;
			sourceTree = "<group>";
		};
		31A102542B9DDF450051121A /* Constant */ = {
			isa = PBXGroup;
			children = (
				31A102552B9DDF580051121A /* Constant.swift */,
			);
			path = Constant;
			sourceTree = "<group>";
		};
		31A4B0752B9D7D5A00CDEA26 /* Protocol */ = {
			isa = PBXGroup;
			children = (
				31569A362B9B1D00000DF03B /* View.swift */,
				3172261E2B9C116F0035704A /* State.swift */,
				3125B39D2BA03C410064E8DD /* Alertable.swift */,
			);
			path = Protocol;
			sourceTree = "<group>";
		};
		31A4B0762B9D7D6A00CDEA26 /* CustomState */ = {
			isa = PBXGroup;
			children = (
				31A4B0772B9D7D8200CDEA26 /* StateRelay.swift */,
			);
			path = CustomState;
			sourceTree = "<group>";
		};
		31D2A0732BB5296800CDA125 /* SignInScene */ = {
			isa = PBXGroup;
			children = (
				31D42E442BB31E6900084F7D /* View */,
				31D42E452BB31E7A00084F7D /* Intent */,
			);
			path = SignInScene;
			sourceTree = "<group>";
		};
		31D2A0742BB5297400CDA125 /* SignUpScene */ = {
			isa = PBXGroup;
			children = (
				31D2A0762BB5298600CDA125 /* View */,
				31D2A0752BB5297C00CDA125 /* Intent */,
				31D2A0802BB5372800CDA125 /* SignUpStep.swift */,
			);
			path = SignUpScene;
			sourceTree = "<group>";
		};
		31D2A0752BB5297C00CDA125 /* Intent */ = {
			isa = PBXGroup;
			children = (
				31D2A0792BB529C400CDA125 /* SignUpIntent.swift */,
			);
			path = Intent;
			sourceTree = "<group>";
		};
		31D2A0762BB5298600CDA125 /* View */ = {
			isa = PBXGroup;
			children = (
				31D2A07B2BB535CB00CDA125 /* ChildView */,
				31D2A0772BB5299F00CDA125 /* SignUpViewController.swift */,
			);
			path = View;
			sourceTree = "<group>";
		};
		31D2A07B2BB535CB00CDA125 /* ChildView */ = {
			isa = PBXGroup;
			children = (
				31D2A07C2BB535DE00CDA125 /* AgreementViewController.swift */,
				31D2A07E2BB5367600CDA125 /* SetNicknameViewController.swift */,
				31D2A0822BB53B3200CDA125 /* UseExplainViewController.swift */,
				31D2A0842BB53D8800CDA125 /* StepView.swift */,
			);
			path = ChildView;
			sourceTree = "<group>";
		};
		31D42E442BB31E6900084F7D /* View */ = {
			isa = PBXGroup;
			children = (
				3139CF6F2BAC053B00359273 /* SignViewController.swift */,
			);
			path = View;
			sourceTree = "<group>";
		};
		31D42E452BB31E7A00084F7D /* Intent */ = {
			isa = PBXGroup;
			children = (
				31D42E462BB31E9D00084F7D /* SignIntent.swift */,
				31D42E482BB31F4F00084F7D /* SignState.swift */,
			);
			path = Intent;
			sourceTree = "<group>";
		};
		FD29053EA72FC72E53DBAD4F /* Pods */ = {
			isa = PBXGroup;
			children = (
				12A2041202D54450D6AA1C53 /* Pods-SubwayTalking.debug.xcconfig */,
				1BE4C4BEC3BEC81A254214ED /* Pods-SubwayTalking.release.xcconfig */,
			);
			path = Pods;
			sourceTree = "<group>";
		};
/* End PBXGroup section */

/* Begin PBXNativeTarget section */
		310C7B852B96DE52002A3BB6 /* SubwayTalking */ = {
			isa = PBXNativeTarget;
			buildConfigurationList = 310C7B9A2B96DE53002A3BB6 /* Build configuration list for PBXNativeTarget "SubwayTalking" */;
			buildPhases = (
				BA05F096AD49B920BFC75C13 /* [CP] Check Pods Manifest.lock */,
				310C7B822B96DE52002A3BB6 /* Sources */,
				310C7B832B96DE52002A3BB6 /* Frameworks */,
				310C7B842B96DE52002A3BB6 /* Resources */,
				310C7BA02B96EC4B002A3BB6 /* SwiftLint RunScript */,
				52DCEA523B5B8722D68235EC /* [CP] Embed Pods Frameworks */,
			);
			buildRules = (
			);
			dependencies = (
			);
			name = SubwayTalking;
			packageProductDependencies = (
				315A68532B9AF71E00268DF4 /* RxCocoa */,
				315A68572B9AF71E00268DF4 /* RxRelay */,
				315A685B2B9AF71E00268DF4 /* RxSwift */,
				318657F62BA459E5001F5277 /* SnapKit */,
				3139CF722BAC095500359273 /* FirebaseAnalytics */,
				3139CF742BAC095500359273 /* FirebaseAuth */,
				3139CF762BAC095500359273 /* FirebaseCrashlytics */,
				3139CF782BAC095500359273 /* FirebaseFirestore */,
				3183A2742BB06DC700DD8546 /* KakaoSDKAuth */,
				3183A2762BB06DC700DD8546 /* KakaoSDKUser */,
			);
			productName = SubwayTalking;
			productReference = 310C7B862B96DE52002A3BB6 /* SubwayTalking.app */;
			productType = "com.apple.product-type.application";
		};
/* End PBXNativeTarget section */

/* Begin PBXProject section */
		310C7B7E2B96DE52002A3BB6 /* Project object */ = {
			isa = PBXProject;
			attributes = {
				BuildIndependentTargetsInParallel = 1;
				LastSwiftUpdateCheck = 1520;
				LastUpgradeCheck = 1520;
				TargetAttributes = {
					310C7B852B96DE52002A3BB6 = {
						CreatedOnToolsVersion = 15.2;
					};
				};
			};
			buildConfigurationList = 310C7B812B96DE52002A3BB6 /* Build configuration list for PBXProject "SubwayTalking" */;
			compatibilityVersion = "Xcode 14.0";
			developmentRegion = en;
			hasScannedForEncodings = 0;
			knownRegions = (
				en,
				Base,
			);
			mainGroup = 310C7B7D2B96DE52002A3BB6;
			packageReferences = (
				315A684E2B9AF71E00268DF4 /* XCRemoteSwiftPackageReference "RxSwift" */,
				318657F52BA459E5001F5277 /* XCRemoteSwiftPackageReference "SnapKit" */,
				3139CF712BAC095500359273 /* XCRemoteSwiftPackageReference "firebase-ios-sdk" */,
				3183A2732BB06DC700DD8546 /* XCRemoteSwiftPackageReference "kakao-ios-sdk" */,
			);
			productRefGroup = 310C7B872B96DE52002A3BB6 /* Products */;
			projectDirPath = "";
			projectRoot = "";
			targets = (
				310C7B852B96DE52002A3BB6 /* SubwayTalking */,
			);
		};
/* End PBXProject section */

/* Begin PBXResourcesBuildPhase section */
		310C7B842B96DE52002A3BB6 /* Resources */ = {
			isa = PBXResourcesBuildPhase;
			buildActionMask = 2147483647;
			files = (
				318C840B2B96F15100D88219 /* .swiftlint.yml in Resources */,
				31DB177A2BA958D400573897 /* Pretendard-Bold.otf in Resources */,
				310C7B962B96DE53002A3BB6 /* LaunchScreen.storyboard in Resources */,
				31DB17802BA9592D00573897 /* Pretendard-SemiBold.otf in Resources */,
				313CFB3E2B9827490032ECE3 /* NaverMaps.plist in Resources */,
				31DB177F2BA9592D00573897 /* Pretendard-Regular.otf in Resources */,
				310C7B932B96DE53002A3BB6 /* Assets.xcassets in Resources */,
				3139CF6D2BAC049900359273 /* GoogleService-Info.plist in Resources */,
				31DB177E2BA9592D00573897 /* Pretendard-Medium.otf in Resources */,
				31DB17822BA9593500573897 /* Pretendard-Light.otf in Resources */,
			);
			runOnlyForDeploymentPostprocessing = 0;
		};
/* End PBXResourcesBuildPhase section */

/* Begin PBXShellScriptBuildPhase section */
		310C7BA02B96EC4B002A3BB6 /* SwiftLint RunScript */ = {
			isa = PBXShellScriptBuildPhase;
			buildActionMask = 2147483647;
			files = (
			);
			inputFileListPaths = (
			);
			inputPaths = (
			);
			name = "SwiftLint RunScript";
			outputFileListPaths = (
			);
			outputPaths = (
			);
			runOnlyForDeploymentPostprocessing = 0;
			shellPath = /bin/sh;
			shellScript = "if [[ \"$(uname -m)\" == arm64 ]]; then\n    export PATH=\"/opt/homebrew/bin:$PATH\"\nfi\n\nif which swiftlint > /dev/null; then\n  swiftlint .\nelse\n  echo \"warning: SwiftFormat not installed, download from https://github.com/nicklockwood/SwiftFormat\"\nfi\n";
		};
		52DCEA523B5B8722D68235EC /* [CP] Embed Pods Frameworks */ = {
			isa = PBXShellScriptBuildPhase;
			buildActionMask = 2147483647;
			files = (
			);
			inputFileListPaths = (
				"${PODS_ROOT}/Target Support Files/Pods-SubwayTalking/Pods-SubwayTalking-frameworks-${CONFIGURATION}-input-files.xcfilelist",
			);
			name = "[CP] Embed Pods Frameworks";
			outputFileListPaths = (
				"${PODS_ROOT}/Target Support Files/Pods-SubwayTalking/Pods-SubwayTalking-frameworks-${CONFIGURATION}-output-files.xcfilelist",
			);
			runOnlyForDeploymentPostprocessing = 0;
			shellPath = /bin/sh;
			shellScript = "\"${PODS_ROOT}/Target Support Files/Pods-SubwayTalking/Pods-SubwayTalking-frameworks.sh\"\n";
			showEnvVarsInLog = 0;
		};
		BA05F096AD49B920BFC75C13 /* [CP] Check Pods Manifest.lock */ = {
			isa = PBXShellScriptBuildPhase;
			buildActionMask = 2147483647;
			files = (
			);
			inputFileListPaths = (
			);
			inputPaths = (
				"${PODS_PODFILE_DIR_PATH}/Podfile.lock",
				"${PODS_ROOT}/Manifest.lock",
			);
			name = "[CP] Check Pods Manifest.lock";
			outputFileListPaths = (
			);
			outputPaths = (
				"$(DERIVED_FILE_DIR)/Pods-SubwayTalking-checkManifestLockResult.txt",
			);
			runOnlyForDeploymentPostprocessing = 0;
			shellPath = /bin/sh;
			shellScript = "diff \"${PODS_PODFILE_DIR_PATH}/Podfile.lock\" \"${PODS_ROOT}/Manifest.lock\" > /dev/null\nif [ $? != 0 ] ; then\n    # print error to STDERR\n    echo \"error: The sandbox is not in sync with the Podfile.lock. Run 'pod install' or update your CocoaPods installation.\" >&2\n    exit 1\nfi\n# This output is used by Xcode 'outputs' to avoid re-running this script phase.\necho \"SUCCESS\" > \"${SCRIPT_OUTPUT_FILE_0}\"\n";
			showEnvVarsInLog = 0;
		};
/* End PBXShellScriptBuildPhase section */

/* Begin PBXSourcesBuildPhase section */
		310C7B822B96DE52002A3BB6 /* Sources */ = {
			isa = PBXSourcesBuildPhase;
			buildActionMask = 2147483647;
			files = (
				318657F42BA43C67001F5277 /* TabBarItemView.swift in Sources */,
				31569A372B9B1D00000DF03B /* View.swift in Sources */,
				314B8D882BAD40AA00E0A56C /* UILabel+Mutable.swift in Sources */,
				31D42E492BB31F4F00084F7D /* SignState.swift in Sources */,
				31569A322B9B1C3D000DF03B /* MapState.swift in Sources */,
				318657F22BA43873001F5277 /* TabBarItem.swift in Sources */,
				31E949942BB3CD760031F9AF /* SignUseCase.swift in Sources */,
				3139994D2BAEE92100EBDA37 /* UserAuthController.swift in Sources */,
				31D2A0852BB53D8800CDA125 /* StepView.swift in Sources */,
				31A4B0742B9D7CE900CDEA26 /* Observable+Previous.swift in Sources */,
				311AB6812BA55755004057FA /* TabBarController.swift in Sources */,
				31D2A0832BB53B3200CDA125 /* UseExplainViewController.swift in Sources */,
				31A075A32B9B0E710060211B /* JSONDataError.swift in Sources */,
				310C7B8E2B96DE52002A3BB6 /* MapViewController.swift in Sources */,
				315A79382BAD67260061A1B9 /* UIButton+Configuration.swift in Sources */,
				3155BC2F2B9848AB003D4140 /* SubwayInformationDTO.swift in Sources */,
				31D2A07F2BB5367600CDA125 /* SetNicknameViewController.swift in Sources */,
				3172261F2B9C11700035704A /* State.swift in Sources */,
				31D2A07D2BB535DE00CDA125 /* AgreementViewController.swift in Sources */,
				31A075AA2B9B131A0060211B /* AddMarkerUseCase.swift in Sources */,
				3173BFE52B9E048A005CFC5F /* LocationManager.swift in Sources */,
				31569A302B9B1B3C000DF03B /* MarkerDataRepository.swift in Sources */,
				31F92C312BAD6DC100C905B8 /* UIFont+Pretendard.swift in Sources */,
				31D2A0812BB5372800CDA125 /* SignUpStep.swift in Sources */,
				31A4B0782B9D7D8200CDEA26 /* StateRelay.swift in Sources */,
				318657F92BA46DC9001F5277 /* TabBarStackView.swift in Sources */,
				31E949962BB3DB9B0031F9AF /* AuthProvider.swift in Sources */,
				31D2A0782BB5299F00CDA125 /* SignUpViewController.swift in Sources */,
				3125B39E2BA03C410064E8DD /* Alertable.swift in Sources */,
				3139994F2BAEEAB100EBDA37 /* AuthError.swift in Sources */,
				310C7B8A2B96DE52002A3BB6 /* AppDelegate.swift in Sources */,
				31D42E472BB31E9D00084F7D /* SignIntent.swift in Sources */,
				31A102562B9DDF580051121A /* Constant.swift in Sources */,
				31A075A02B9B03DF0060211B /* DefaultMarkerDataRepository.swift in Sources */,
				31D2A07A2BB529C400CDA125 /* SignUpIntent.swift in Sources */,
				31A075A52B9B10CC0060211B /* SubwayInformation.swift in Sources */,
				3139CF702BAC053B00359273 /* SignViewController.swift in Sources */,
				3108E4C02B982990003115B0 /* Bundle+APIKey.swift in Sources */,
				31569A352B9B1CEF000DF03B /* MapIntent.swift in Sources */,
				310C7B8C2B96DE52002A3BB6 /* SceneDelegate.swift in Sources */,
			);
			runOnlyForDeploymentPostprocessing = 0;
		};
/* End PBXSourcesBuildPhase section */

/* Begin PBXVariantGroup section */
		310C7B942B96DE53002A3BB6 /* LaunchScreen.storyboard */ = {
			isa = PBXVariantGroup;
			children = (
				310C7B952B96DE53002A3BB6 /* Base */,
			);
			name = LaunchScreen.storyboard;
			sourceTree = "<group>";
		};
/* End PBXVariantGroup section */

/* Begin XCBuildConfiguration section */
		310C7B982B96DE53002A3BB6 /* Debug */ = {
			isa = XCBuildConfiguration;
			baseConfigurationReference = 3183A2782BB0721800DD8546 /* Kakao-Info.xcconfig */;
			buildSettings = {
				ALWAYS_SEARCH_USER_PATHS = NO;
				ASSETCATALOG_COMPILER_GENERATE_SWIFT_ASSET_SYMBOL_EXTENSIONS = YES;
				CLANG_ANALYZER_NONNULL = YES;
				CLANG_ANALYZER_NUMBER_OBJECT_CONVERSION = YES_AGGRESSIVE;
				CLANG_CXX_LANGUAGE_STANDARD = "gnu++20";
				CLANG_ENABLE_MODULES = YES;
				CLANG_ENABLE_OBJC_ARC = YES;
				CLANG_ENABLE_OBJC_WEAK = YES;
				CLANG_WARN_BLOCK_CAPTURE_AUTORELEASING = YES;
				CLANG_WARN_BOOL_CONVERSION = YES;
				CLANG_WARN_COMMA = YES;
				CLANG_WARN_CONSTANT_CONVERSION = YES;
				CLANG_WARN_DEPRECATED_OBJC_IMPLEMENTATIONS = YES;
				CLANG_WARN_DIRECT_OBJC_ISA_USAGE = YES_ERROR;
				CLANG_WARN_DOCUMENTATION_COMMENTS = YES;
				CLANG_WARN_EMPTY_BODY = YES;
				CLANG_WARN_ENUM_CONVERSION = YES;
				CLANG_WARN_INFINITE_RECURSION = YES;
				CLANG_WARN_INT_CONVERSION = YES;
				CLANG_WARN_NON_LITERAL_NULL_CONVERSION = YES;
				CLANG_WARN_OBJC_IMPLICIT_RETAIN_SELF = YES;
				CLANG_WARN_OBJC_LITERAL_CONVERSION = YES;
				CLANG_WARN_OBJC_ROOT_CLASS = YES_ERROR;
				CLANG_WARN_QUOTED_INCLUDE_IN_FRAMEWORK_HEADER = YES;
				CLANG_WARN_RANGE_LOOP_ANALYSIS = YES;
				CLANG_WARN_STRICT_PROTOTYPES = YES;
				CLANG_WARN_SUSPICIOUS_MOVE = YES;
				CLANG_WARN_UNGUARDED_AVAILABILITY = YES_AGGRESSIVE;
				CLANG_WARN_UNREACHABLE_CODE = YES;
				CLANG_WARN__DUPLICATE_METHOD_MATCH = YES;
				COPY_PHASE_STRIP = NO;
				DEBUG_INFORMATION_FORMAT = dwarf;
				ENABLE_STRICT_OBJC_MSGSEND = YES;
				ENABLE_TESTABILITY = YES;
				ENABLE_TESTING_SEARCH_PATHS = YES;
				ENABLE_USER_SCRIPT_SANDBOXING = YES;
				GCC_C_LANGUAGE_STANDARD = gnu17;
				GCC_DYNAMIC_NO_PIC = NO;
				GCC_NO_COMMON_BLOCKS = YES;
				GCC_OPTIMIZATION_LEVEL = 0;
				GCC_PREPROCESSOR_DEFINITIONS = (
					"DEBUG=1",
					"$(inherited)",
				);
				GCC_WARN_64_TO_32_BIT_CONVERSION = YES;
				GCC_WARN_ABOUT_RETURN_TYPE = YES_ERROR;
				GCC_WARN_UNDECLARED_SELECTOR = YES;
				GCC_WARN_UNINITIALIZED_AUTOS = YES_AGGRESSIVE;
				GCC_WARN_UNUSED_FUNCTION = YES;
				GCC_WARN_UNUSED_VARIABLE = YES;
				IPHONEOS_DEPLOYMENT_TARGET = 16.0;
				LOCALIZATION_PREFERS_STRING_CATALOGS = YES;
				MTL_ENABLE_DEBUG_INFO = INCLUDE_SOURCE;
				MTL_FAST_MATH = YES;
				ONLY_ACTIVE_ARCH = YES;
				SDKROOT = iphoneos;
				SWIFT_ACTIVE_COMPILATION_CONDITIONS = "DEBUG $(inherited)";
				SWIFT_OPTIMIZATION_LEVEL = "-Onone";
				VALIDATE_PRODUCT = YES;
			};
			name = Debug;
		};
		310C7B992B96DE53002A3BB6 /* Release */ = {
			isa = XCBuildConfiguration;
			baseConfigurationReference = 3183A2782BB0721800DD8546 /* Kakao-Info.xcconfig */;
			buildSettings = {
				ALWAYS_SEARCH_USER_PATHS = NO;
				ASSETCATALOG_COMPILER_GENERATE_SWIFT_ASSET_SYMBOL_EXTENSIONS = YES;
				CLANG_ANALYZER_NONNULL = YES;
				CLANG_ANALYZER_NUMBER_OBJECT_CONVERSION = YES_AGGRESSIVE;
				CLANG_CXX_LANGUAGE_STANDARD = "gnu++20";
				CLANG_ENABLE_MODULES = YES;
				CLANG_ENABLE_OBJC_ARC = YES;
				CLANG_ENABLE_OBJC_WEAK = YES;
				CLANG_WARN_BLOCK_CAPTURE_AUTORELEASING = YES;
				CLANG_WARN_BOOL_CONVERSION = YES;
				CLANG_WARN_COMMA = YES;
				CLANG_WARN_CONSTANT_CONVERSION = YES;
				CLANG_WARN_DEPRECATED_OBJC_IMPLEMENTATIONS = YES;
				CLANG_WARN_DIRECT_OBJC_ISA_USAGE = YES_ERROR;
				CLANG_WARN_DOCUMENTATION_COMMENTS = YES;
				CLANG_WARN_EMPTY_BODY = YES;
				CLANG_WARN_ENUM_CONVERSION = YES;
				CLANG_WARN_INFINITE_RECURSION = YES;
				CLANG_WARN_INT_CONVERSION = YES;
				CLANG_WARN_NON_LITERAL_NULL_CONVERSION = YES;
				CLANG_WARN_OBJC_IMPLICIT_RETAIN_SELF = YES;
				CLANG_WARN_OBJC_LITERAL_CONVERSION = YES;
				CLANG_WARN_OBJC_ROOT_CLASS = YES_ERROR;
				CLANG_WARN_QUOTED_INCLUDE_IN_FRAMEWORK_HEADER = YES;
				CLANG_WARN_RANGE_LOOP_ANALYSIS = YES;
				CLANG_WARN_STRICT_PROTOTYPES = YES;
				CLANG_WARN_SUSPICIOUS_MOVE = YES;
				CLANG_WARN_UNGUARDED_AVAILABILITY = YES_AGGRESSIVE;
				CLANG_WARN_UNREACHABLE_CODE = YES;
				CLANG_WARN__DUPLICATE_METHOD_MATCH = YES;
				COPY_PHASE_STRIP = NO;
				DEBUG_INFORMATION_FORMAT = "dwarf-with-dsym";
				ENABLE_NS_ASSERTIONS = NO;
				ENABLE_STRICT_OBJC_MSGSEND = YES;
				ENABLE_TESTABILITY = NO;
				ENABLE_TESTING_SEARCH_PATHS = YES;
				ENABLE_USER_SCRIPT_SANDBOXING = YES;
				GCC_C_LANGUAGE_STANDARD = gnu17;
				GCC_NO_COMMON_BLOCKS = YES;
				GCC_WARN_64_TO_32_BIT_CONVERSION = YES;
				GCC_WARN_ABOUT_RETURN_TYPE = YES_ERROR;
				GCC_WARN_UNDECLARED_SELECTOR = YES;
				GCC_WARN_UNINITIALIZED_AUTOS = YES_AGGRESSIVE;
				GCC_WARN_UNUSED_FUNCTION = YES;
				GCC_WARN_UNUSED_VARIABLE = YES;
				IPHONEOS_DEPLOYMENT_TARGET = 16.0;
				LOCALIZATION_PREFERS_STRING_CATALOGS = YES;
				MTL_ENABLE_DEBUG_INFO = NO;
				MTL_FAST_MATH = YES;
				SDKROOT = iphoneos;
				SWIFT_COMPILATION_MODE = wholemodule;
				VALIDATE_PRODUCT = YES;
			};
			name = Release;
		};
		310C7B9B2B96DE53002A3BB6 /* Debug */ = {
			isa = XCBuildConfiguration;
			baseConfigurationReference = 12A2041202D54450D6AA1C53 /* Pods-SubwayTalking.debug.xcconfig */;
			buildSettings = {
				ASSETCATALOG_COMPILER_APPICON_NAME = AppIcon;
				ASSETCATALOG_COMPILER_GLOBAL_ACCENT_COLOR_NAME = AccentColor;
				CODE_SIGN_ENTITLEMENTS = SubwayTalking/SubwayTalking.entitlements;
				CODE_SIGN_STYLE = Automatic;
				CURRENT_PROJECT_VERSION = 1;
				DEVELOPMENT_TEAM = ZRLFU9PV5L;
				ENABLE_USER_SCRIPT_SANDBOXING = NO;
				GENERATE_INFOPLIST_FILE = YES;
				INFOPLIST_FILE = SubwayTalking/Resource/Info.plist;
				INFOPLIST_KEY_CFBundleDisplayName = "써브웨이톡";
				INFOPLIST_KEY_LSApplicationCategoryType = "public.app-category.social-networking";
				INFOPLIST_KEY_NSLocationAlwaysAndWhenInUseUsageDescription = "현재 위치를 기반으로 가까운 Subway 채팅방에 입장하실 수 있습니다.1";
				INFOPLIST_KEY_NSLocationWhenInUseUsageDescription = "현재 위치를 기반으로 가까운 Subway 채팅방에 입장하실 수 있습니다.2";
				INFOPLIST_KEY_UIApplicationSupportsIndirectInputEvents = YES;
				INFOPLIST_KEY_UILaunchStoryboardName = LaunchScreen;
				INFOPLIST_KEY_UIMainStoryboardFile = "";
				INFOPLIST_KEY_UISupportedInterfaceOrientations_iPad = "UIInterfaceOrientationPortrait UIInterfaceOrientationPortraitUpsideDown UIInterfaceOrientationLandscapeLeft UIInterfaceOrientationLandscapeRight";
				INFOPLIST_KEY_UISupportedInterfaceOrientations_iPhone = "UIInterfaceOrientationPortrait UIInterfaceOrientationLandscapeLeft UIInterfaceOrientationLandscapeRight";
				IPHONEOS_DEPLOYMENT_TARGET = 16.0;
				LD_RUNPATH_SEARCH_PATHS = (
					"$(inherited)",
					"@executable_path/Frameworks",
				);
				MARKETING_VERSION = 1.0.0;
				PRODUCT_BUNDLE_IDENTIFIER = com.Kyo.SubwayTalking;
				PRODUCT_NAME = "$(TARGET_NAME)";
				SUPPORTED_PLATFORMS = "iphoneos iphonesimulator";
				SUPPORTS_MACCATALYST = NO;
				SUPPORTS_MAC_DESIGNED_FOR_IPHONE_IPAD = NO;
				SUPPORTS_XR_DESIGNED_FOR_IPHONE_IPAD = NO;
				SWIFT_EMIT_LOC_STRINGS = YES;
				SWIFT_VERSION = 5.0;
				TARGETED_DEVICE_FAMILY = "1,2";
			};
			name = Debug;
		};
		310C7B9C2B96DE53002A3BB6 /* Release */ = {
			isa = XCBuildConfiguration;
			baseConfigurationReference = 1BE4C4BEC3BEC81A254214ED /* Pods-SubwayTalking.release.xcconfig */;
			buildSettings = {
				ASSETCATALOG_COMPILER_APPICON_NAME = AppIcon;
				ASSETCATALOG_COMPILER_GLOBAL_ACCENT_COLOR_NAME = AccentColor;
				CODE_SIGN_ENTITLEMENTS = SubwayTalking/SubwayTalking.entitlements;
				CODE_SIGN_STYLE = Automatic;
				CURRENT_PROJECT_VERSION = 1;
				DEVELOPMENT_TEAM = ZRLFU9PV5L;
				ENABLE_USER_SCRIPT_SANDBOXING = NO;
				GENERATE_INFOPLIST_FILE = YES;
				INFOPLIST_FILE = SubwayTalking/Resource/Info.plist;
				INFOPLIST_KEY_CFBundleDisplayName = "써브웨이톡";
				INFOPLIST_KEY_LSApplicationCategoryType = "public.app-category.social-networking";
				INFOPLIST_KEY_NSLocationAlwaysAndWhenInUseUsageDescription = "현재 위치를 기반으로 가까운 Subway 채팅방에 입장하실 수 있습니다.1";
				INFOPLIST_KEY_NSLocationWhenInUseUsageDescription = "현재 위치를 기반으로 가까운 Subway 채팅방에 입장하실 수 있습니다.2";
				INFOPLIST_KEY_UIApplicationSupportsIndirectInputEvents = YES;
				INFOPLIST_KEY_UILaunchStoryboardName = LaunchScreen;
				INFOPLIST_KEY_UIMainStoryboardFile = "";
				INFOPLIST_KEY_UISupportedInterfaceOrientations_iPad = "UIInterfaceOrientationPortrait UIInterfaceOrientationPortraitUpsideDown UIInterfaceOrientationLandscapeLeft UIInterfaceOrientationLandscapeRight";
				INFOPLIST_KEY_UISupportedInterfaceOrientations_iPhone = "UIInterfaceOrientationPortrait UIInterfaceOrientationLandscapeLeft UIInterfaceOrientationLandscapeRight";
				IPHONEOS_DEPLOYMENT_TARGET = 16.0;
				LD_RUNPATH_SEARCH_PATHS = (
					"$(inherited)",
					"@executable_path/Frameworks",
				);
				MARKETING_VERSION = 1.0.0;
				PRODUCT_BUNDLE_IDENTIFIER = com.Kyo.SubwayTalking;
				PRODUCT_NAME = "$(TARGET_NAME)";
				SUPPORTED_PLATFORMS = "iphoneos iphonesimulator";
				SUPPORTS_MACCATALYST = NO;
				SUPPORTS_MAC_DESIGNED_FOR_IPHONE_IPAD = NO;
				SUPPORTS_XR_DESIGNED_FOR_IPHONE_IPAD = NO;
				SWIFT_EMIT_LOC_STRINGS = YES;
				SWIFT_VERSION = 5.0;
				TARGETED_DEVICE_FAMILY = "1,2";
			};
			name = Release;
		};
/* End XCBuildConfiguration section */

/* Begin XCConfigurationList section */
		310C7B812B96DE52002A3BB6 /* Build configuration list for PBXProject "SubwayTalking" */ = {
			isa = XCConfigurationList;
			buildConfigurations = (
				310C7B982B96DE53002A3BB6 /* Debug */,
				310C7B992B96DE53002A3BB6 /* Release */,
			);
			defaultConfigurationIsVisible = 0;
			defaultConfigurationName = Release;
		};
		310C7B9A2B96DE53002A3BB6 /* Build configuration list for PBXNativeTarget "SubwayTalking" */ = {
			isa = XCConfigurationList;
			buildConfigurations = (
				310C7B9B2B96DE53002A3BB6 /* Debug */,
				310C7B9C2B96DE53002A3BB6 /* Release */,
			);
			defaultConfigurationIsVisible = 0;
			defaultConfigurationName = Release;
		};
/* End XCConfigurationList section */

/* Begin XCRemoteSwiftPackageReference section */
		3139CF712BAC095500359273 /* XCRemoteSwiftPackageReference "firebase-ios-sdk" */ = {
			isa = XCRemoteSwiftPackageReference;
			repositoryURL = "https://github.com/firebase/firebase-ios-sdk";
			requirement = {
				kind = upToNextMajorVersion;
				minimumVersion = 10.23.0;
			};
		};
		315A684E2B9AF71E00268DF4 /* XCRemoteSwiftPackageReference "RxSwift" */ = {
			isa = XCRemoteSwiftPackageReference;
			repositoryURL = "https://github.com/ReactiveX/RxSwift";
			requirement = {
				kind = exactVersion;
				version = 6.5.0;
			};
		};
		3183A2732BB06DC700DD8546 /* XCRemoteSwiftPackageReference "kakao-ios-sdk" */ = {
			isa = XCRemoteSwiftPackageReference;
			repositoryURL = "https://github.com/kakao/kakao-ios-sdk";
			requirement = {
				kind = upToNextMajorVersion;
				minimumVersion = 2.22.0;
			};
		};
		318657F52BA459E5001F5277 /* XCRemoteSwiftPackageReference "SnapKit" */ = {
			isa = XCRemoteSwiftPackageReference;
			repositoryURL = "https://github.com/SnapKit/SnapKit";
			requirement = {
				kind = upToNextMajorVersion;
				minimumVersion = 5.7.1;
			};
		};
/* End XCRemoteSwiftPackageReference section */

/* Begin XCSwiftPackageProductDependency section */
		3139CF722BAC095500359273 /* FirebaseAnalytics */ = {
			isa = XCSwiftPackageProductDependency;
			package = 3139CF712BAC095500359273 /* XCRemoteSwiftPackageReference "firebase-ios-sdk" */;
			productName = FirebaseAnalytics;
		};
		3139CF742BAC095500359273 /* FirebaseAuth */ = {
			isa = XCSwiftPackageProductDependency;
			package = 3139CF712BAC095500359273 /* XCRemoteSwiftPackageReference "firebase-ios-sdk" */;
			productName = FirebaseAuth;
		};
		3139CF762BAC095500359273 /* FirebaseCrashlytics */ = {
			isa = XCSwiftPackageProductDependency;
			package = 3139CF712BAC095500359273 /* XCRemoteSwiftPackageReference "firebase-ios-sdk" */;
			productName = FirebaseCrashlytics;
		};
		3139CF782BAC095500359273 /* FirebaseFirestore */ = {
			isa = XCSwiftPackageProductDependency;
			package = 3139CF712BAC095500359273 /* XCRemoteSwiftPackageReference "firebase-ios-sdk" */;
			productName = FirebaseFirestore;
		};
		315A68532B9AF71E00268DF4 /* RxCocoa */ = {
			isa = XCSwiftPackageProductDependency;
			package = 315A684E2B9AF71E00268DF4 /* XCRemoteSwiftPackageReference "RxSwift" */;
			productName = RxCocoa;
		};
		315A68572B9AF71E00268DF4 /* RxRelay */ = {
			isa = XCSwiftPackageProductDependency;
			package = 315A684E2B9AF71E00268DF4 /* XCRemoteSwiftPackageReference "RxSwift" */;
			productName = RxRelay;
		};
		315A685B2B9AF71E00268DF4 /* RxSwift */ = {
			isa = XCSwiftPackageProductDependency;
			package = 315A684E2B9AF71E00268DF4 /* XCRemoteSwiftPackageReference "RxSwift" */;
			productName = RxSwift;
		};
		3183A2742BB06DC700DD8546 /* KakaoSDKAuth */ = {
			isa = XCSwiftPackageProductDependency;
			package = 3183A2732BB06DC700DD8546 /* XCRemoteSwiftPackageReference "kakao-ios-sdk" */;
			productName = KakaoSDKAuth;
		};
		3183A2762BB06DC700DD8546 /* KakaoSDKUser */ = {
			isa = XCSwiftPackageProductDependency;
			package = 3183A2732BB06DC700DD8546 /* XCRemoteSwiftPackageReference "kakao-ios-sdk" */;
			productName = KakaoSDKUser;
		};
		318657F62BA459E5001F5277 /* SnapKit */ = {
			isa = XCSwiftPackageProductDependency;
			package = 318657F52BA459E5001F5277 /* XCRemoteSwiftPackageReference "SnapKit" */;
			productName = SnapKit;
		};
/* End XCSwiftPackageProductDependency section */
	};
	rootObject = 310C7B7E2B96DE52002A3BB6 /* Project object */;
}
